
Microsoft Visual Studio Solution File, Format Version 12.00
# Visual Studio Version 17
VisualStudioVersion = 17.4.33213.308
MinimumVisualStudioVersion = 10.0.40219.1
Project("{FAE04EC0-301F-11D3-BF4B-00C04F79EFBC}") = "powerOfTwo", "powerOfTwo.csproj", "{F1E125A9-B73C-4A04-90AF-34D385386009}"
EndProject
Global
	GlobalSection(SolutionConfigurationPlatforms) = preSolution
		Debug|Any CPU = Debug|Any CPU
		Release|Any CPU = Release|Any CPU
	EndGlobalSection
	GlobalSection(ProjectConfigurationPlatforms) = postSolution
		{F1E125A9-B73C-4A04-90AF-34D385386009}.Debug|Any CPU.ActiveCfg = Debug|Any CPU
		{F1E125A9-B73C-4A04-90AF-34D385386009}.Debug|Any CPU.Build.0 = Debug|Any CPU
		{F1E125A9-B73C-4A04-90AF-34D385386009}.Release|Any CPU.ActiveCfg = Release|Any CPU
		{F1E125A9-B73C-4A04-90AF-34D385386009}.Release|Any CPU.Build.0 = Release|Any CPU
	EndGlobalSection
	GlobalSection(SolutionProperties) = preSolution
		HideSolutionNode = FALSE
	EndGlobalSection
	GlobalSection(ExtensibilityGlobals) = postSolution
		SolutionGuid = {CD67972D-9F85-4BD5-BB85-853A49D1A52F}
	EndGlobalSection
EndGlobal
